
Microsoft Visual Studio Solution File, Format Version 12.00
# Visual Studio Version 17
VisualStudioVersion = 17.9.34701.34
MinimumVisualStudioVersion = 10.0.40219.1
Project("{FAE04EC0-301F-11D3-BF4B-00C04F79EFBC}") = "MailingList", "MailingList\MailingList.csproj", "{94A1E982-F8EB-41FD-B245-6D2F70780AC4}"
EndProject
Global
	GlobalSection(SolutionConfigurationPlatforms) = preSolution
		Debug|Any CPU = Debug|Any CPU
		Release|Any CPU = Release|Any CPU
	EndGlobalSection
	GlobalSection(ProjectConfigurationPlatforms) = postSolution
		{94A1E982-F8EB-41FD-B245-6D2F70780AC4}.Debug|Any CPU.ActiveCfg = Debug|Any CPU
		{94A1E982-F8EB-41FD-B245-6D2F70780AC4}.Debug|Any CPU.Build.0 = Debug|Any CPU
		{94A1E982-F8EB-41FD-B245-6D2F70780AC4}.Release|Any CPU.ActiveCfg = Release|Any CPU
		{94A1E982-F8EB-41FD-B245-6D2F70780AC4}.Release|Any CPU.Build.0 = Release|Any CPU
	EndGlobalSection
	GlobalSection(SolutionProperties) = preSolution
		HideSolutionNode = FALSE
	EndGlobalSection
	GlobalSection(ExtensibilityGlobals) = postSolution
		SolutionGuid = {A809E2A7-AD34-489E-955B-FCF26B930077}
	EndGlobalSection
EndGlobal
